// !$*UTF8*$!
{
	archiveVersion = 1;
	classes = {
	};
	objectVersion = 51;
	objects = {

/* Begin PBXBuildFile section */
		4141CC798AE3548257E10708 /* Pods_NewsApp.framework in Frameworks */ = {isa = PBXBuildFile; fileRef = 47DA8996BE217A15D9092319 /* Pods_NewsApp.framework */; };
		485BA42424F3AAC200D3E61F /* AppDelegate.swift in Sources */ = {isa = PBXBuildFile; fileRef = 485BA42324F3AAC200D3E61F /* AppDelegate.swift */; };
		485BA42624F3AAC200D3E61F /* SceneDelegate.swift in Sources */ = {isa = PBXBuildFile; fileRef = 485BA42524F3AAC200D3E61F /* SceneDelegate.swift */; };
		485BA42824F3AAC200D3E61F /* ViewController.swift in Sources */ = {isa = PBXBuildFile; fileRef = 485BA42724F3AAC200D3E61F /* ViewController.swift */; };
		485BA42B24F3AAC200D3E61F /* Main.storyboard in Resources */ = {isa = PBXBuildFile; fileRef = 485BA42924F3AAC200D3E61F /* Main.storyboard */; };
		485BA42D24F3AAC500D3E61F /* Assets.xcassets in Resources */ = {isa = PBXBuildFile; fileRef = 485BA42C24F3AAC500D3E61F /* Assets.xcassets */; };
		485BA43024F3AAC500D3E61F /* LaunchScreen.storyboard in Resources */ = {isa = PBXBuildFile; fileRef = 485BA42E24F3AAC500D3E61F /* LaunchScreen.storyboard */; };
		485BA43A24F3AD4400D3E61F /* ProviderAPIBasic.swift in Sources */ = {isa = PBXBuildFile; fileRef = 485BA43924F3AD4400D3E61F /* ProviderAPIBasic.swift */; };
		485BA43D24F3AD7700D3E61F /* APIErrorProcessPlugin.swift in Sources */ = {isa = PBXBuildFile; fileRef = 485BA43C24F3AD7700D3E61F /* APIErrorProcessPlugin.swift */; };
		485BA43F24F3ADE800D3E61F /* APIError.swift in Sources */ = {isa = PBXBuildFile; fileRef = 485BA43E24F3ADE800D3E61F /* APIError.swift */; };
		485BA44124F3ADF900D3E61F /* APIDecoder.swift in Sources */ = {isa = PBXBuildFile; fileRef = 485BA44024F3ADF900D3E61F /* APIDecoder.swift */; };
		485BA44324F3AE0C00D3E61F /* APIOperation.swift in Sources */ = {isa = PBXBuildFile; fileRef = 485BA44224F3AE0C00D3E61F /* APIOperation.swift */; };
		485BA44524F3AE6E00D3E61F /* AsyncOperation.swift in Sources */ = {isa = PBXBuildFile; fileRef = 485BA44424F3AE6E00D3E61F /* AsyncOperation.swift */; };
		485BA44724F3AEC400D3E61F /* DefaultAlamofireManager.swift in Sources */ = {isa = PBXBuildFile; fileRef = 485BA44624F3AEC400D3E61F /* DefaultAlamofireManager.swift */; };
		485BA44924F3AF3600D3E61F /* Provider.swift in Sources */ = {isa = PBXBuildFile; fileRef = 485BA44824F3AF3600D3E61F /* Provider.swift */; };
		485BA44B24F3AF6900D3E61F /* ProviderAPIWithRefreshToken.swift in Sources */ = {isa = PBXBuildFile; fileRef = 485BA44A24F3AF6900D3E61F /* ProviderAPIWithRefreshToken.swift */; };
		485BA44D24F3AF7700D3E61F /* ProviderPlain.swift in Sources */ = {isa = PBXBuildFile; fileRef = 485BA44C24F3AF7700D3E61F /* ProviderPlain.swift */; };
		485BA44F24F3AF8800D3E61F /* TokenRefresher.swift in Sources */ = {isa = PBXBuildFile; fileRef = 485BA44E24F3AF8800D3E61F /* TokenRefresher.swift */; };
		485BA45124F3AF9D00D3E61F /* TokenRefresherImpl.swift in Sources */ = {isa = PBXBuildFile; fileRef = 485BA45024F3AF9D00D3E61F /* TokenRefresherImpl.swift */; };
		485BA45424F3AFD800D3E61F /* Prefs.swift in Sources */ = {isa = PBXBuildFile; fileRef = 485BA45324F3AFD800D3E61F /* Prefs.swift */; };
		485BA45624F3AFF000D3E61F /* PrefsImpl.swift in Sources */ = {isa = PBXBuildFile; fileRef = 485BA45524F3AFF000D3E61F /* PrefsImpl.swift */; };
		485BA45924F3B07200D3E61F /* AuthTarget.swift in Sources */ = {isa = PBXBuildFile; fileRef = 485BA45824F3B07200D3E61F /* AuthTarget.swift */; };
		485BA45C24F3B0C200D3E61F /* StringUtils.swift in Sources */ = {isa = PBXBuildFile; fileRef = 485BA45B24F3B0C200D3E61F /* StringUtils.swift */; };
		485BA45E24F3B11700D3E61F /* Environment.swift in Sources */ = {isa = PBXBuildFile; fileRef = 485BA45D24F3B11700D3E61F /* Environment.swift */; };
		485BA46024F3B14900D3E61F /* WebviewUrlDef.swift in Sources */ = {isa = PBXBuildFile; fileRef = 485BA45F24F3B14900D3E61F /* WebviewUrlDef.swift */; };
		485BA46424F3B19000D3E61F /* Product.xcconfig in Resources */ = {isa = PBXBuildFile; fileRef = 485BA46224F3B19000D3E61F /* Product.xcconfig */; };
		485BA46524F3B19000D3E61F /* Staging.xcconfig in Resources */ = {isa = PBXBuildFile; fileRef = 485BA46324F3B19000D3E61F /* Staging.xcconfig */; };
		485BA46824F3B52500D3E61F /* APITarget.swift in Sources */ = {isa = PBXBuildFile; fileRef = 485BA46724F3B52500D3E61F /* APITarget.swift */; };
		485BA46B24F3B8B000D3E61F /* SearchConditionsParams.swift in Sources */ = {isa = PBXBuildFile; fileRef = 485BA46A24F3B8B000D3E61F /* SearchConditionsParams.swift */; };
		485BA46D24F3B9F600D3E61F /* EncodableUtils.swift in Sources */ = {isa = PBXBuildFile; fileRef = 485BA46C24F3B9F600D3E61F /* EncodableUtils.swift */; };
		485BA47024F3C0B900D3E61F /* 30173-welcome-screen.json in Resources */ = {isa = PBXBuildFile; fileRef = 485BA46F24F3C0B900D3E61F /* 30173-welcome-screen.json */; };
		4895F0CB24F4B39F0019091E /* MenuViewController.xib in Resources */ = {isa = PBXBuildFile; fileRef = 4895F0C624F4B39E0019091E /* MenuViewController.xib */; };
		4895F0CC24F4B39F0019091E /* MenuViewController.swift in Sources */ = {isa = PBXBuildFile; fileRef = 4895F0C724F4B39E0019091E /* MenuViewController.swift */; };
		4895F0CD24F4B39F0019091E /* TabBarViewController.xib in Resources */ = {isa = PBXBuildFile; fileRef = 4895F0C924F4B39F0019091E /* TabBarViewController.xib */; };
		4895F0CE24F4B39F0019091E /* TabBarViewController.swift in Sources */ = {isa = PBXBuildFile; fileRef = 4895F0CA24F4B39F0019091E /* TabBarViewController.swift */; };
		4895F0D424F4B3F90019091E /* TopHeadlineViewController.swift in Sources */ = {isa = PBXBuildFile; fileRef = 4895F0D224F4B3F90019091E /* TopHeadlineViewController.swift */; };
		4895F0D524F4B3F90019091E /* TopHeadlineViewController.xib in Resources */ = {isa = PBXBuildFile; fileRef = 4895F0D324F4B3F90019091E /* TopHeadlineViewController.xib */; };
		4895F0D824F4B4040019091E /* CustomNewsViewController.swift in Sources */ = {isa = PBXBuildFile; fileRef = 4895F0D624F4B4040019091E /* CustomNewsViewController.swift */; };
		4895F0D924F4B4040019091E /* CustomNewsViewController.xib in Resources */ = {isa = PBXBuildFile; fileRef = 4895F0D724F4B4040019091E /* CustomNewsViewController.xib */; };
		4895F0DC24F4B40F0019091E /* ProfileViewController.swift in Sources */ = {isa = PBXBuildFile; fileRef = 4895F0DA24F4B40F0019091E /* ProfileViewController.swift */; };
		4895F0DD24F4B40F0019091E /* ProfileViewController.xib in Resources */ = {isa = PBXBuildFile; fileRef = 4895F0DB24F4B40F0019091E /* ProfileViewController.xib */; };
		4895F0E124F4B4E20019091E /* R.generated.swift in Sources */ = {isa = PBXBuildFile; fileRef = 4895F0E024F4B4E20019091E /* R.generated.swift */; };
		4895F0E324F4B7FA0019091E /* TopHeadlineViewModel.swift in Sources */ = {isa = PBXBuildFile; fileRef = 4895F0E224F4B7FA0019091E /* TopHeadlineViewModel.swift */; };
		4895F0E524F4B80C0019091E /* TopHeadlineViewModelImpl.swift in Sources */ = {isa = PBXBuildFile; fileRef = 4895F0E424F4B80C0019091E /* TopHeadlineViewModelImpl.swift */; };
		4895F0E824F4BAE40019091E /* ArticleResponse.swift in Sources */ = {isa = PBXBuildFile; fileRef = 4895F0E724F4BAE40019091E /* ArticleResponse.swift */; };
		4895F0EA24F4BAF80019091E /* Article.swift in Sources */ = {isa = PBXBuildFile; fileRef = 4895F0E924F4BAF80019091E /* Article.swift */; };
		4895F0EC24F4BB090019091E /* Source.swift in Sources */ = {isa = PBXBuildFile; fileRef = 4895F0EB24F4BB090019091E /* Source.swift */; };
		4895F0EE24F4BB400019091E /* ErrorModel.swift in Sources */ = {isa = PBXBuildFile; fileRef = 4895F0ED24F4BB400019091E /* ErrorModel.swift */; };
		4895F0F324F4BFF60019091E /* BaseViewController.swift in Sources */ = {isa = PBXBuildFile; fileRef = 4895F0F224F4BFF60019091E /* BaseViewController.swift */; };
		4895F0F924F4C6680019091E /* TopHeadlineCell.swift in Sources */ = {isa = PBXBuildFile; fileRef = 4895F0F724F4C6680019091E /* TopHeadlineCell.swift */; };
		4895F0FA24F4C6680019091E /* TopHeadlineCell.xib in Resources */ = {isa = PBXBuildFile; fileRef = 4895F0F824F4C6680019091E /* TopHeadlineCell.xib */; };
		4895F10324F511990019091E /* NVActivityIndicatorPresenter.swift in Sources */ = {isa = PBXBuildFile; fileRef = 4895F10124F511990019091E /* NVActivityIndicatorPresenter.swift */; };
		4895F10424F511990019091E /* NVActivityIndicatorViewable.swift in Sources */ = {isa = PBXBuildFile; fileRef = 4895F10224F511990019091E /* NVActivityIndicatorViewable.swift */; };
		4895F10624F5125F0019091E /* UIColorUtils.swift in Sources */ = {isa = PBXBuildFile; fileRef = 4895F10524F5125F0019091E /* UIColorUtils.swift */; };
		48984ABF24F5FA4B0073107E /* BasicViewModel.swift in Sources */ = {isa = PBXBuildFile; fileRef = 48984ABE24F5FA4B0073107E /* BasicViewModel.swift */; };
		48984AC124F5FB280073107E /* AlertModel.swift in Sources */ = {isa = PBXBuildFile; fileRef = 48984AC024F5FB280073107E /* AlertModel.swift */; };
		48984AC324F5FB9C0073107E /* BasicViewModelImpl.swift in Sources */ = {isa = PBXBuildFile; fileRef = 48984AC224F5FB9C0073107E /* BasicViewModelImpl.swift */; };
		48984AC524F60BD90073107E /* UIImageUtils.swift in Sources */ = {isa = PBXBuildFile; fileRef = 48984AC424F60BD90073107E /* UIImageUtils.swift */; };
		48984ACB24F61A770073107E /* DetailViewPhotoViewController.xib in Resources */ = {isa = PBXBuildFile; fileRef = 48984AC724F61A760073107E /* DetailViewPhotoViewController.xib */; };
		48984ACC24F61A770073107E /* DetailViewPhotoViewModelImpl.swift in Sources */ = {isa = PBXBuildFile; fileRef = 48984AC824F61A760073107E /* DetailViewPhotoViewModelImpl.swift */; };
		48984ACD24F61A770073107E /* DetailViewPhotoViewModel.swift in Sources */ = {isa = PBXBuildFile; fileRef = 48984AC924F61A770073107E /* DetailViewPhotoViewModel.swift */; };
		48984ACE24F61A770073107E /* DetailViewPhotoViewController.swift in Sources */ = {isa = PBXBuildFile; fileRef = 48984ACA24F61A770073107E /* DetailViewPhotoViewController.swift */; };
		48984AD124F622550073107E /* WebViewController.xib in Resources */ = {isa = PBXBuildFile; fileRef = 48984ACF24F622540073107E /* WebViewController.xib */; };
		48984AD224F622550073107E /* WebViewController.swift in Sources */ = {isa = PBXBuildFile; fileRef = 48984AD024F622550073107E /* WebViewController.swift */; };
/* End PBXBuildFile section */

/* Begin PBXFileReference section */
		4293AB20B4C596C2D8DD9A7F /* Pods-NewsApp.debug.xcconfig */ = {isa = PBXFileReference; includeInIndex = 1; lastKnownFileType = text.xcconfig; name = "Pods-NewsApp.debug.xcconfig"; path = "Target Support Files/Pods-NewsApp/Pods-NewsApp.debug.xcconfig"; sourceTree = "<group>"; };
		47DA8996BE217A15D9092319 /* Pods_NewsApp.framework */ = {isa = PBXFileReference; explicitFileType = wrapper.framework; includeInIndex = 0; path = Pods_NewsApp.framework; sourceTree = BUILT_PRODUCTS_DIR; };
		485BA42024F3AAC200D3E61F /* NewsApp.app */ = {isa = PBXFileReference; explicitFileType = wrapper.application; includeInIndex = 0; path = NewsApp.app; sourceTree = BUILT_PRODUCTS_DIR; };
		485BA42324F3AAC200D3E61F /* AppDelegate.swift */ = {isa = PBXFileReference; lastKnownFileType = sourcecode.swift; path = AppDelegate.swift; sourceTree = "<group>"; };
		485BA42524F3AAC200D3E61F /* SceneDelegate.swift */ = {isa = PBXFileReference; lastKnownFileType = sourcecode.swift; path = SceneDelegate.swift; sourceTree = "<group>"; };
		485BA42724F3AAC200D3E61F /* ViewController.swift */ = {isa = PBXFileReference; lastKnownFileType = sourcecode.swift; path = ViewController.swift; sourceTree = "<group>"; };
		485BA42A24F3AAC200D3E61F /* Base */ = {isa = PBXFileReference; lastKnownFileType = file.storyboard; name = Base; path = Base.lproj/Main.storyboard; sourceTree = "<group>"; };
		485BA42C24F3AAC500D3E61F /* Assets.xcassets */ = {isa = PBXFileReference; lastKnownFileType = folder.assetcatalog; path = Assets.xcassets; sourceTree = "<group>"; };
		485BA42F24F3AAC500D3E61F /* Base */ = {isa = PBXFileReference; lastKnownFileType = file.storyboard; name = Base; path = Base.lproj/LaunchScreen.storyboard; sourceTree = "<group>"; };
		485BA43124F3AAC500D3E61F /* Info.plist */ = {isa = PBXFileReference; lastKnownFileType = text.plist.xml; path = Info.plist; sourceTree = "<group>"; };
		485BA43924F3AD4400D3E61F /* ProviderAPIBasic.swift */ = {isa = PBXFileReference; lastKnownFileType = sourcecode.swift; path = ProviderAPIBasic.swift; sourceTree = "<group>"; };
		485BA43C24F3AD7700D3E61F /* APIErrorProcessPlugin.swift */ = {isa = PBXFileReference; lastKnownFileType = sourcecode.swift; path = APIErrorProcessPlugin.swift; sourceTree = "<group>"; };
		485BA43E24F3ADE800D3E61F /* APIError.swift */ = {isa = PBXFileReference; lastKnownFileType = sourcecode.swift; path = APIError.swift; sourceTree = "<group>"; };
		485BA44024F3ADF900D3E61F /* APIDecoder.swift */ = {isa = PBXFileReference; lastKnownFileType = sourcecode.swift; path = APIDecoder.swift; sourceTree = "<group>"; };
		485BA44224F3AE0C00D3E61F /* APIOperation.swift */ = {isa = PBXFileReference; lastKnownFileType = sourcecode.swift; path = APIOperation.swift; sourceTree = "<group>"; };
		485BA44424F3AE6E00D3E61F /* AsyncOperation.swift */ = {isa = PBXFileReference; lastKnownFileType = sourcecode.swift; path = AsyncOperation.swift; sourceTree = "<group>"; };
		485BA44624F3AEC400D3E61F /* DefaultAlamofireManager.swift */ = {isa = PBXFileReference; lastKnownFileType = sourcecode.swift; path = DefaultAlamofireManager.swift; sourceTree = "<group>"; };
		485BA44824F3AF3600D3E61F /* Provider.swift */ = {isa = PBXFileReference; lastKnownFileType = sourcecode.swift; path = Provider.swift; sourceTree = "<group>"; };
		485BA44A24F3AF6900D3E61F /* ProviderAPIWithRefreshToken.swift */ = {isa = PBXFileReference; lastKnownFileType = sourcecode.swift; path = ProviderAPIWithRefreshToken.swift; sourceTree = "<group>"; };
		485BA44C24F3AF7700D3E61F /* ProviderPlain.swift */ = {isa = PBXFileReference; lastKnownFileType = sourcecode.swift; path = ProviderPlain.swift; sourceTree = "<group>"; };
		485BA44E24F3AF8800D3E61F /* TokenRefresher.swift */ = {isa = PBXFileReference; lastKnownFileType = sourcecode.swift; path = TokenRefresher.swift; sourceTree = "<group>"; };
		485BA45024F3AF9D00D3E61F /* TokenRefresherImpl.swift */ = {isa = PBXFileReference; lastKnownFileType = sourcecode.swift; path = TokenRefresherImpl.swift; sourceTree = "<group>"; };
		485BA45324F3AFD800D3E61F /* Prefs.swift */ = {isa = PBXFileReference; lastKnownFileType = sourcecode.swift; path = Prefs.swift; sourceTree = "<group>"; };
		485BA45524F3AFF000D3E61F /* PrefsImpl.swift */ = {isa = PBXFileReference; lastKnownFileType = sourcecode.swift; path = PrefsImpl.swift; sourceTree = "<group>"; };
		485BA45824F3B07200D3E61F /* AuthTarget.swift */ = {isa = PBXFileReference; lastKnownFileType = sourcecode.swift; path = AuthTarget.swift; sourceTree = "<group>"; };
		485BA45B24F3B0C200D3E61F /* StringUtils.swift */ = {isa = PBXFileReference; lastKnownFileType = sourcecode.swift; path = StringUtils.swift; sourceTree = "<group>"; };
		485BA45D24F3B11700D3E61F /* Environment.swift */ = {isa = PBXFileReference; lastKnownFileType = sourcecode.swift; path = Environment.swift; sourceTree = "<group>"; };
		485BA45F24F3B14900D3E61F /* WebviewUrlDef.swift */ = {isa = PBXFileReference; lastKnownFileType = sourcecode.swift; path = WebviewUrlDef.swift; sourceTree = "<group>"; };
		485BA46224F3B19000D3E61F /* Product.xcconfig */ = {isa = PBXFileReference; fileEncoding = 4; lastKnownFileType = text.xcconfig; path = Product.xcconfig; sourceTree = "<group>"; };
		485BA46324F3B19000D3E61F /* Staging.xcconfig */ = {isa = PBXFileReference; fileEncoding = 4; lastKnownFileType = text.xcconfig; path = Staging.xcconfig; sourceTree = "<group>"; };
		485BA46724F3B52500D3E61F /* APITarget.swift */ = {isa = PBXFileReference; lastKnownFileType = sourcecode.swift; path = APITarget.swift; sourceTree = "<group>"; };
		485BA46A24F3B8B000D3E61F /* SearchConditionsParams.swift */ = {isa = PBXFileReference; lastKnownFileType = sourcecode.swift; path = SearchConditionsParams.swift; sourceTree = "<group>"; };
		485BA46C24F3B9F600D3E61F /* EncodableUtils.swift */ = {isa = PBXFileReference; lastKnownFileType = sourcecode.swift; path = EncodableUtils.swift; sourceTree = "<group>"; };
		485BA46F24F3C0B900D3E61F /* 30173-welcome-screen.json */ = {isa = PBXFileReference; fileEncoding = 4; lastKnownFileType = text.json; path = "30173-welcome-screen.json"; sourceTree = "<group>"; };
		4895F0C624F4B39E0019091E /* MenuViewController.xib */ = {isa = PBXFileReference; fileEncoding = 4; lastKnownFileType = file.xib; path = MenuViewController.xib; sourceTree = "<group>"; };
		4895F0C724F4B39E0019091E /* MenuViewController.swift */ = {isa = PBXFileReference; fileEncoding = 4; lastKnownFileType = sourcecode.swift; path = MenuViewController.swift; sourceTree = "<group>"; };
		4895F0C924F4B39F0019091E /* TabBarViewController.xib */ = {isa = PBXFileReference; fileEncoding = 4; lastKnownFileType = file.xib; path = TabBarViewController.xib; sourceTree = "<group>"; };
		4895F0CA24F4B39F0019091E /* TabBarViewController.swift */ = {isa = PBXFileReference; fileEncoding = 4; lastKnownFileType = sourcecode.swift; path = TabBarViewController.swift; sourceTree = "<group>"; };
		4895F0D224F4B3F90019091E /* TopHeadlineViewController.swift */ = {isa = PBXFileReference; lastKnownFileType = sourcecode.swift; path = TopHeadlineViewController.swift; sourceTree = "<group>"; };
		4895F0D324F4B3F90019091E /* TopHeadlineViewController.xib */ = {isa = PBXFileReference; lastKnownFileType = file.xib; path = TopHeadlineViewController.xib; sourceTree = "<group>"; };
		4895F0D624F4B4040019091E /* CustomNewsViewController.swift */ = {isa = PBXFileReference; lastKnownFileType = sourcecode.swift; path = CustomNewsViewController.swift; sourceTree = "<group>"; };
		4895F0D724F4B4040019091E /* CustomNewsViewController.xib */ = {isa = PBXFileReference; lastKnownFileType = file.xib; path = CustomNewsViewController.xib; sourceTree = "<group>"; };
		4895F0DA24F4B40F0019091E /* ProfileViewController.swift */ = {isa = PBXFileReference; lastKnownFileType = sourcecode.swift; path = ProfileViewController.swift; sourceTree = "<group>"; };
		4895F0DB24F4B40F0019091E /* ProfileViewController.xib */ = {isa = PBXFileReference; lastKnownFileType = file.xib; path = ProfileViewController.xib; sourceTree = "<group>"; };
		4895F0E024F4B4E20019091E /* R.generated.swift */ = {isa = PBXFileReference; fileEncoding = 4; lastKnownFileType = sourcecode.swift; path = R.generated.swift; sourceTree = SOURCE_ROOT; };
		4895F0E224F4B7FA0019091E /* TopHeadlineViewModel.swift */ = {isa = PBXFileReference; lastKnownFileType = sourcecode.swift; path = TopHeadlineViewModel.swift; sourceTree = "<group>"; };
		4895F0E424F4B80C0019091E /* TopHeadlineViewModelImpl.swift */ = {isa = PBXFileReference; lastKnownFileType = sourcecode.swift; path = TopHeadlineViewModelImpl.swift; sourceTree = "<group>"; };
		4895F0E724F4BAE40019091E /* ArticleResponse.swift */ = {isa = PBXFileReference; lastKnownFileType = sourcecode.swift; path = ArticleResponse.swift; sourceTree = "<group>"; };
		4895F0E924F4BAF80019091E /* Article.swift */ = {isa = PBXFileReference; lastKnownFileType = sourcecode.swift; path = Article.swift; sourceTree = "<group>"; };
		4895F0EB24F4BB090019091E /* Source.swift */ = {isa = PBXFileReference; lastKnownFileType = sourcecode.swift; path = Source.swift; sourceTree = "<group>"; };
		4895F0ED24F4BB400019091E /* ErrorModel.swift */ = {isa = PBXFileReference; lastKnownFileType = sourcecode.swift; path = ErrorModel.swift; sourceTree = "<group>"; };
		4895F0F224F4BFF60019091E /* BaseViewController.swift */ = {isa = PBXFileReference; lastKnownFileType = sourcecode.swift; path = BaseViewController.swift; sourceTree = "<group>"; };
		4895F0F724F4C6680019091E /* TopHeadlineCell.swift */ = {isa = PBXFileReference; lastKnownFileType = sourcecode.swift; path = TopHeadlineCell.swift; sourceTree = "<group>"; };
		4895F0F824F4C6680019091E /* TopHeadlineCell.xib */ = {isa = PBXFileReference; lastKnownFileType = file.xib; path = TopHeadlineCell.xib; sourceTree = "<group>"; };
		4895F10124F511990019091E /* NVActivityIndicatorPresenter.swift */ = {isa = PBXFileReference; fileEncoding = 4; lastKnownFileType = sourcecode.swift; path = NVActivityIndicatorPresenter.swift; sourceTree = "<group>"; };
		4895F10224F511990019091E /* NVActivityIndicatorViewable.swift */ = {isa = PBXFileReference; fileEncoding = 4; lastKnownFileType = sourcecode.swift; path = NVActivityIndicatorViewable.swift; sourceTree = "<group>"; };
		4895F10524F5125F0019091E /* UIColorUtils.swift */ = {isa = PBXFileReference; fileEncoding = 4; lastKnownFileType = sourcecode.swift; path = UIColorUtils.swift; sourceTree = "<group>"; };
		48984ABE24F5FA4B0073107E /* BasicViewModel.swift */ = {isa = PBXFileReference; lastKnownFileType = sourcecode.swift; path = BasicViewModel.swift; sourceTree = "<group>"; };
		48984AC024F5FB280073107E /* AlertModel.swift */ = {isa = PBXFileReference; lastKnownFileType = sourcecode.swift; path = AlertModel.swift; sourceTree = "<group>"; };
		48984AC224F5FB9C0073107E /* BasicViewModelImpl.swift */ = {isa = PBXFileReference; lastKnownFileType = sourcecode.swift; path = BasicViewModelImpl.swift; sourceTree = "<group>"; };
		48984AC424F60BD90073107E /* UIImageUtils.swift */ = {isa = PBXFileReference; lastKnownFileType = sourcecode.swift; path = UIImageUtils.swift; sourceTree = "<group>"; };
		48984AC724F61A760073107E /* DetailViewPhotoViewController.xib */ = {isa = PBXFileReference; fileEncoding = 4; lastKnownFileType = file.xib; path = DetailViewPhotoViewController.xib; sourceTree = "<group>"; };
		48984AC824F61A760073107E /* DetailViewPhotoViewModelImpl.swift */ = {isa = PBXFileReference; fileEncoding = 4; lastKnownFileType = sourcecode.swift; path = DetailViewPhotoViewModelImpl.swift; sourceTree = "<group>"; };
		48984AC924F61A770073107E /* DetailViewPhotoViewModel.swift */ = {isa = PBXFileReference; fileEncoding = 4; lastKnownFileType = sourcecode.swift; path = DetailViewPhotoViewModel.swift; sourceTree = "<group>"; };
		48984ACA24F61A770073107E /* DetailViewPhotoViewController.swift */ = {isa = PBXFileReference; fileEncoding = 4; lastKnownFileType = sourcecode.swift; path = DetailViewPhotoViewController.swift; sourceTree = "<group>"; };
		48984ACF24F622540073107E /* WebViewController.xib */ = {isa = PBXFileReference; fileEncoding = 4; lastKnownFileType = file.xib; path = WebViewController.xib; sourceTree = "<group>"; };
		48984AD024F622550073107E /* WebViewController.swift */ = {isa = PBXFileReference; fileEncoding = 4; lastKnownFileType = sourcecode.swift; path = WebViewController.swift; sourceTree = "<group>"; };
		A95F37C2938779B15D144706 /* Pods-NewsApp.release.xcconfig */ = {isa = PBXFileReference; includeInIndex = 1; lastKnownFileType = text.xcconfig; name = "Pods-NewsApp.release.xcconfig"; path = "Target Support Files/Pods-NewsApp/Pods-NewsApp.release.xcconfig"; sourceTree = "<group>"; };
/* End PBXFileReference section */

/* Begin PBXFrameworksBuildPhase section */
		485BA41D24F3AAC200D3E61F /* Frameworks */ = {
			isa = PBXFrameworksBuildPhase;
			buildActionMask = 2147483647;
			files = (
				4141CC798AE3548257E10708 /* Pods_NewsApp.framework in Frameworks */,
			);
			runOnlyForDeploymentPostprocessing = 0;
		};
/* End PBXFrameworksBuildPhase section */

/* Begin PBXGroup section */
		485BA41724F3AAC200D3E61F = {
			isa = PBXGroup;
			children = (
				485BA42224F3AAC200D3E61F /* NewsApp */,
				485BA42124F3AAC200D3E61F /* Products */,
				AB21B6592537FADA16A8DEB5 /* Pods */,
				CC1E5C790E52F612A98B2540 /* Frameworks */,
			);
			sourceTree = "<group>";
		};
		485BA42124F3AAC200D3E61F /* Products */ = {
			isa = PBXGroup;
			children = (
				485BA42024F3AAC200D3E61F /* NewsApp.app */,
			);
			name = Products;
			sourceTree = "<group>";
		};
		485BA42224F3AAC200D3E61F /* NewsApp */ = {
			isa = PBXGroup;
			children = (
				485BA42324F3AAC200D3E61F /* AppDelegate.swift */,
				485BA42524F3AAC200D3E61F /* SceneDelegate.swift */,
				485BA42724F3AAC200D3E61F /* ViewController.swift */,
				4895F0C424F4B33D0019091E /* ViewController */,
				485BA46E24F3C0AB00D3E61F /* Resources */,
				485BA46624F3B3F200D3E61F /* Models */,
				485BA45224F3AFC400D3E61F /* Common */,
				485BA43724F3ACE300D3E61F /* Networks */,
				485BA42924F3AAC200D3E61F /* Main.storyboard */,
				485BA42C24F3AAC500D3E61F /* Assets.xcassets */,
				485BA42E24F3AAC500D3E61F /* LaunchScreen.storyboard */,
				485BA43124F3AAC500D3E61F /* Info.plist */,
				4895F0E024F4B4E20019091E /* R.generated.swift */,
			);
			path = NewsApp;
			sourceTree = "<group>";
		};
		485BA43724F3ACE300D3E61F /* Networks */ = {
			isa = PBXGroup;
			children = (
				485BA46124F3B17300D3E61F /* Configurations */,
				485BA45724F3B06A00D3E61F /* Target */,
				485BA43B24F3AD6B00D3E61F /* Error */,
				485BA43824F3AD3400D3E61F /* Provider */,
			);
			path = Networks;
			sourceTree = "<group>";
		};
		485BA43824F3AD3400D3E61F /* Provider */ = {
			isa = PBXGroup;
			children = (
				485BA43924F3AD4400D3E61F /* ProviderAPIBasic.swift */,
				485BA44624F3AEC400D3E61F /* DefaultAlamofireManager.swift */,
				485BA44824F3AF3600D3E61F /* Provider.swift */,
				485BA44A24F3AF6900D3E61F /* ProviderAPIWithRefreshToken.swift */,
				485BA44C24F3AF7700D3E61F /* ProviderPlain.swift */,
				485BA44E24F3AF8800D3E61F /* TokenRefresher.swift */,
				485BA45024F3AF9D00D3E61F /* TokenRefresherImpl.swift */,
			);
			path = Provider;
			sourceTree = "<group>";
		};
		485BA43B24F3AD6B00D3E61F /* Error */ = {
			isa = PBXGroup;
			children = (
				485BA43C24F3AD7700D3E61F /* APIErrorProcessPlugin.swift */,
				485BA43E24F3ADE800D3E61F /* APIError.swift */,
				485BA44024F3ADF900D3E61F /* APIDecoder.swift */,
				485BA44224F3AE0C00D3E61F /* APIOperation.swift */,
				485BA44424F3AE6E00D3E61F /* AsyncOperation.swift */,
			);
			path = Error;
			sourceTree = "<group>";
		};
		485BA45224F3AFC400D3E61F /* Common */ = {
			isa = PBXGroup;
			children = (
				4895F10024F511990019091E /* Extended */,
				485BA45324F3AFD800D3E61F /* Prefs.swift */,
				485BA45524F3AFF000D3E61F /* PrefsImpl.swift */,
				48984AC024F5FB280073107E /* AlertModel.swift */,
				485BA45A24F3B0AE00D3E61F /* Extensions */,
			);
			path = Common;
			sourceTree = "<group>";
		};
		485BA45724F3B06A00D3E61F /* Target */ = {
			isa = PBXGroup;
			children = (
				485BA45824F3B07200D3E61F /* AuthTarget.swift */,
				485BA46724F3B52500D3E61F /* APITarget.swift */,
			);
			path = Target;
			sourceTree = "<group>";
		};
		485BA45A24F3B0AE00D3E61F /* Extensions */ = {
			isa = PBXGroup;
			children = (
				4895F10524F5125F0019091E /* UIColorUtils.swift */,
				485BA45B24F3B0C200D3E61F /* StringUtils.swift */,
				485BA46C24F3B9F600D3E61F /* EncodableUtils.swift */,
				48984AC424F60BD90073107E /* UIImageUtils.swift */,
			);
			path = Extensions;
			sourceTree = "<group>";
		};
		485BA46124F3B17300D3E61F /* Configurations */ = {
			isa = PBXGroup;
			children = (
				485BA45D24F3B11700D3E61F /* Environment.swift */,
				485BA45F24F3B14900D3E61F /* WebviewUrlDef.swift */,
				485BA46224F3B19000D3E61F /* Product.xcconfig */,
				485BA46324F3B19000D3E61F /* Staging.xcconfig */,
			);
			path = Configurations;
			sourceTree = "<group>";
		};
		485BA46624F3B3F200D3E61F /* Models */ = {
			isa = PBXGroup;
			children = (
				4895F0E624F4BAC90019091E /* ReponseModels */,
				485BA46924F3B8A500D3E61F /* RequestModels */,
				4895F0E924F4BAF80019091E /* Article.swift */,
				4895F0EB24F4BB090019091E /* Source.swift */,
				4895F0ED24F4BB400019091E /* ErrorModel.swift */,
			);
			path = Models;
			sourceTree = "<group>";
		};
		485BA46924F3B8A500D3E61F /* RequestModels */ = {
			isa = PBXGroup;
			children = (
				485BA46A24F3B8B000D3E61F /* SearchConditionsParams.swift */,
			);
			path = RequestModels;
			sourceTree = "<group>";
		};
		485BA46E24F3C0AB00D3E61F /* Resources */ = {
			isa = PBXGroup;
			children = (
				485BA46F24F3C0B900D3E61F /* 30173-welcome-screen.json */,
			);
			path = Resources;
			sourceTree = "<group>";
		};
		4895F0C424F4B33D0019091E /* ViewController */ = {
			isa = PBXGroup;
			children = (
				48984AC624F61A640073107E /* DetailViewPhotoViewController */,
				4895F0FB24F50E720019091E /* WebViewDetailArticle */,
				4895F0EF24F4BD360019091E /* BaseViewController */,
				4895F0D124F4B3E70019091E /* Profile */,
				4895F0D024F4B3DB0019091E /* CustomNews */,
				4895F0CF24F4B3CA0019091E /* TopHeadline */,
				4895F0C524F4B39E0019091E /* Menu */,
				4895F0C824F4B39F0019091E /* Tabbar */,
			);
			path = ViewController;
			sourceTree = "<group>";
		};
		4895F0C524F4B39E0019091E /* Menu */ = {
			isa = PBXGroup;
			children = (
				4895F0C624F4B39E0019091E /* MenuViewController.xib */,
				4895F0C724F4B39E0019091E /* MenuViewController.swift */,
			);
			path = Menu;
			sourceTree = "<group>";
		};
		4895F0C824F4B39F0019091E /* Tabbar */ = {
			isa = PBXGroup;
			children = (
				4895F0CA24F4B39F0019091E /* TabBarViewController.swift */,
				4895F0C924F4B39F0019091E /* TabBarViewController.xib */,
			);
			path = Tabbar;
			sourceTree = "<group>";
		};
		4895F0CF24F4B3CA0019091E /* TopHeadline */ = {
			isa = PBXGroup;
			children = (
				4895F0D224F4B3F90019091E /* TopHeadlineViewController.swift */,
				4895F0D324F4B3F90019091E /* TopHeadlineViewController.xib */,
				4895F0E224F4B7FA0019091E /* TopHeadlineViewModel.swift */,
				4895F0E424F4B80C0019091E /* TopHeadlineViewModelImpl.swift */,
				4895F0F424F4C6080019091E /* Cell */,
			);
			path = TopHeadline;
			sourceTree = "<group>";
		};
		4895F0D024F4B3DB0019091E /* CustomNews */ = {
			isa = PBXGroup;
			children = (
				4895F0D624F4B4040019091E /* CustomNewsViewController.swift */,
				4895F0D724F4B4040019091E /* CustomNewsViewController.xib */,
			);
			path = CustomNews;
			sourceTree = "<group>";
		};
		4895F0D124F4B3E70019091E /* Profile */ = {
			isa = PBXGroup;
			children = (
				4895F0DA24F4B40F0019091E /* ProfileViewController.swift */,
				4895F0DB24F4B40F0019091E /* ProfileViewController.xib */,
			);
			path = Profile;
			sourceTree = "<group>";
		};
		4895F0E624F4BAC90019091E /* ReponseModels */ = {
			isa = PBXGroup;
			children = (
				4895F0E724F4BAE40019091E /* ArticleResponse.swift */,
			);
			path = ReponseModels;
			sourceTree = "<group>";
		};
		4895F0EF24F4BD360019091E /* BaseViewController */ = {
			isa = PBXGroup;
			children = (
				4895F0F224F4BFF60019091E /* BaseViewController.swift */,
				48984ABE24F5FA4B0073107E /* BasicViewModel.swift */,
				48984AC224F5FB9C0073107E /* BasicViewModelImpl.swift */,
			);
			path = BaseViewController;
			sourceTree = "<group>";
		};
		4895F0F424F4C6080019091E /* Cell */ = {
			isa = PBXGroup;
			children = (
				4895F0F724F4C6680019091E /* TopHeadlineCell.swift */,
				4895F0F824F4C6680019091E /* TopHeadlineCell.xib */,
			);
			path = Cell;
			sourceTree = "<group>";
		};
		4895F0FB24F50E720019091E /* WebViewDetailArticle */ = {
			isa = PBXGroup;
			children = (
				48984AD024F622550073107E /* WebViewController.swift */,
				48984ACF24F622540073107E /* WebViewController.xib */,
			);
			path = WebViewDetailArticle;
			sourceTree = "<group>";
		};
		4895F10024F511990019091E /* Extended */ = {
			isa = PBXGroup;
			children = (
				4895F10124F511990019091E /* NVActivityIndicatorPresenter.swift */,
				4895F10224F511990019091E /* NVActivityIndicatorViewable.swift */,
			);
			path = Extended;
			sourceTree = "<group>";
		};
		48984AC624F61A640073107E /* DetailViewPhotoViewController */ = {
			isa = PBXGroup;
			children = (
				48984ACA24F61A770073107E /* DetailViewPhotoViewController.swift */,
				48984AC724F61A760073107E /* DetailViewPhotoViewController.xib */,
				48984AC924F61A770073107E /* DetailViewPhotoViewModel.swift */,
				48984AC824F61A760073107E /* DetailViewPhotoViewModelImpl.swift */,
			);
			path = DetailViewPhotoViewController;
			sourceTree = "<group>";
		};
		AB21B6592537FADA16A8DEB5 /* Pods */ = {
			isa = PBXGroup;
			children = (
				4293AB20B4C596C2D8DD9A7F /* Pods-NewsApp.debug.xcconfig */,
				A95F37C2938779B15D144706 /* Pods-NewsApp.release.xcconfig */,
			);
			path = Pods;
			sourceTree = "<group>";
		};
		CC1E5C790E52F612A98B2540 /* Frameworks */ = {
			isa = PBXGroup;
			children = (
				47DA8996BE217A15D9092319 /* Pods_NewsApp.framework */,
			);
			name = Frameworks;
			sourceTree = "<group>";
		};
/* End PBXGroup section */

/* Begin PBXNativeTarget section */
		485BA41F24F3AAC200D3E61F /* NewsApp */ = {
			isa = PBXNativeTarget;
			buildConfigurationList = 485BA43424F3AAC500D3E61F /* Build configuration list for PBXNativeTarget "NewsApp" */;
			buildPhases = (
				56B67765651F1879F095008D /* [CP] Check Pods Manifest.lock */,
				4895F0DF24F4B4A70019091E /* R.Swift */,
				485BA41C24F3AAC200D3E61F /* Sources */,
				485BA41D24F3AAC200D3E61F /* Frameworks */,
				485BA41E24F3AAC200D3E61F /* Resources */,
				9FCE5E8A94AD67E76A7A5DF5 /* [CP] Embed Pods Frameworks */,
			);
			buildRules = (
			);
			dependencies = (
			);
			name = NewsApp;
			productName = NewsApp;
			productReference = 485BA42024F3AAC200D3E61F /* NewsApp.app */;
			productType = "com.apple.product-type.application";
		};
/* End PBXNativeTarget section */

/* Begin PBXProject section */
		485BA41824F3AAC200D3E61F /* Project object */ = {
			isa = PBXProject;
			attributes = {
				LastSwiftUpdateCheck = 1140;
				LastUpgradeCheck = 1140;
				ORGANIZATIONNAME = "Cong Nguyen";
				TargetAttributes = {
					485BA41F24F3AAC200D3E61F = {
						CreatedOnToolsVersion = 11.4.1;
					};
				};
			};
			buildConfigurationList = 485BA41B24F3AAC200D3E61F /* Build configuration list for PBXProject "NewsApp" */;
			compatibilityVersion = "Xcode 9.3";
			developmentRegion = en;
			hasScannedForEncodings = 0;
			knownRegions = (
				en,
				Base,
			);
			mainGroup = 485BA41724F3AAC200D3E61F;
			productRefGroup = 485BA42124F3AAC200D3E61F /* Products */;
			projectDirPath = "";
			projectRoot = "";
			targets = (
				485BA41F24F3AAC200D3E61F /* NewsApp */,
			);
		};
/* End PBXProject section */

/* Begin PBXResourcesBuildPhase section */
		485BA41E24F3AAC200D3E61F /* Resources */ = {
			isa = PBXResourcesBuildPhase;
			buildActionMask = 2147483647;
			files = (
				4895F0D524F4B3F90019091E /* TopHeadlineViewController.xib in Resources */,
				4895F0FA24F4C6680019091E /* TopHeadlineCell.xib in Resources */,
				485BA46424F3B19000D3E61F /* Product.xcconfig in Resources */,
				48984AD124F622550073107E /* WebViewController.xib in Resources */,
				485BA43024F3AAC500D3E61F /* LaunchScreen.storyboard in Resources */,
				485BA42D24F3AAC500D3E61F /* Assets.xcassets in Resources */,
				485BA47024F3C0B900D3E61F /* 30173-welcome-screen.json in Resources */,
				4895F0DD24F4B40F0019091E /* ProfileViewController.xib in Resources */,
				4895F0CD24F4B39F0019091E /* TabBarViewController.xib in Resources */,
				485BA46524F3B19000D3E61F /* Staging.xcconfig in Resources */,
				4895F0CB24F4B39F0019091E /* MenuViewController.xib in Resources */,
				4895F0D924F4B4040019091E /* CustomNewsViewController.xib in Resources */,
				485BA42B24F3AAC200D3E61F /* Main.storyboard in Resources */,
				48984ACB24F61A770073107E /* DetailViewPhotoViewController.xib in Resources */,
			);
			runOnlyForDeploymentPostprocessing = 0;
		};
/* End PBXResourcesBuildPhase section */

/* Begin PBXShellScriptBuildPhase section */
		4895F0DF24F4B4A70019091E /* R.Swift */ = {
			isa = PBXShellScriptBuildPhase;
			buildActionMask = 2147483647;
			files = (
			);
			inputFileListPaths = (
			);
			inputPaths = (
				"$TEMP_DIR/rswift-lastrun",
			);
			name = R.Swift;
			outputFileListPaths = (
			);
			outputPaths = (
				$SRCROOT/R.generated.swift,
			);
			runOnlyForDeploymentPostprocessing = 0;
			shellPath = /bin/sh;
			shellScript = "\"$PODS_ROOT/R.swift/rswift\" generate \"$SRCROOT/R.generated.swift\"\n";
		};
		56B67765651F1879F095008D /* [CP] Check Pods Manifest.lock */ = {
			isa = PBXShellScriptBuildPhase;
			buildActionMask = 2147483647;
			files = (
			);
			inputFileListPaths = (
			);
			inputPaths = (
				"${PODS_PODFILE_DIR_PATH}/Podfile.lock",
				"${PODS_ROOT}/Manifest.lock",
			);
			name = "[CP] Check Pods Manifest.lock";
			outputFileListPaths = (
			);
			outputPaths = (
				"$(DERIVED_FILE_DIR)/Pods-NewsApp-checkManifestLockResult.txt",
			);
			runOnlyForDeploymentPostprocessing = 0;
			shellPath = /bin/sh;
			shellScript = "diff \"${PODS_PODFILE_DIR_PATH}/Podfile.lock\" \"${PODS_ROOT}/Manifest.lock\" > /dev/null\nif [ $? != 0 ] ; then\n    # print error to STDERR\n    echo \"error: The sandbox is not in sync with the Podfile.lock. Run 'pod install' or update your CocoaPods installation.\" >&2\n    exit 1\nfi\n# This output is used by Xcode 'outputs' to avoid re-running this script phase.\necho \"SUCCESS\" > \"${SCRIPT_OUTPUT_FILE_0}\"\n";
			showEnvVarsInLog = 0;
		};
		9FCE5E8A94AD67E76A7A5DF5 /* [CP] Embed Pods Frameworks */ = {
			isa = PBXShellScriptBuildPhase;
			buildActionMask = 2147483647;
			files = (
			);
			inputFileListPaths = (
				"${PODS_ROOT}/Target Support Files/Pods-NewsApp/Pods-NewsApp-frameworks-${CONFIGURATION}-input-files.xcfilelist",
			);
			name = "[CP] Embed Pods Frameworks";
			outputFileListPaths = (
				"${PODS_ROOT}/Target Support Files/Pods-NewsApp/Pods-NewsApp-frameworks-${CONFIGURATION}-output-files.xcfilelist",
			);
			runOnlyForDeploymentPostprocessing = 0;
			shellPath = /bin/sh;
			shellScript = "\"${PODS_ROOT}/Target Support Files/Pods-NewsApp/Pods-NewsApp-frameworks.sh\"\n";
			showEnvVarsInLog = 0;
		};
/* End PBXShellScriptBuildPhase section */

/* Begin PBXSourcesBuildPhase section */
		485BA41C24F3AAC200D3E61F /* Sources */ = {
			isa = PBXSourcesBuildPhase;
			buildActionMask = 2147483647;
			files = (
				4895F0D824F4B4040019091E /* CustomNewsViewController.swift in Sources */,
				485BA44324F3AE0C00D3E61F /* APIOperation.swift in Sources */,
				485BA44D24F3AF7700D3E61F /* ProviderPlain.swift in Sources */,
				4895F0EC24F4BB090019091E /* Source.swift in Sources */,
				485BA44F24F3AF8800D3E61F /* TokenRefresher.swift in Sources */,
				48984ACD24F61A770073107E /* DetailViewPhotoViewModel.swift in Sources */,
				4895F0E524F4B80C0019091E /* TopHeadlineViewModelImpl.swift in Sources */,
				485BA43A24F3AD4400D3E61F /* ProviderAPIBasic.swift in Sources */,
				485BA45624F3AFF000D3E61F /* PrefsImpl.swift in Sources */,
				485BA46D24F3B9F600D3E61F /* EncodableUtils.swift in Sources */,
				485BA43D24F3AD7700D3E61F /* APIErrorProcessPlugin.swift in Sources */,
				485BA45924F3B07200D3E61F /* AuthTarget.swift in Sources */,
				4895F0F324F4BFF60019091E /* BaseViewController.swift in Sources */,
				4895F0E324F4B7FA0019091E /* TopHeadlineViewModel.swift in Sources */,
				485BA42824F3AAC200D3E61F /* ViewController.swift in Sources */,
				485BA46B24F3B8B000D3E61F /* SearchConditionsParams.swift in Sources */,
				48984ACC24F61A770073107E /* DetailViewPhotoViewModelImpl.swift in Sources */,
				4895F0D424F4B3F90019091E /* TopHeadlineViewController.swift in Sources */,
				4895F0EA24F4BAF80019091E /* Article.swift in Sources */,
				4895F0EE24F4BB400019091E /* ErrorModel.swift in Sources */,
				4895F0CE24F4B39F0019091E /* TabBarViewController.swift in Sources */,
				48984ACE24F61A770073107E /* DetailViewPhotoViewController.swift in Sources */,
				4895F0DC24F4B40F0019091E /* ProfileViewController.swift in Sources */,
				48984AC124F5FB280073107E /* AlertModel.swift in Sources */,
				485BA45C24F3B0C200D3E61F /* StringUtils.swift in Sources */,
				485BA46824F3B52500D3E61F /* APITarget.swift in Sources */,
				485BA46024F3B14900D3E61F /* WebviewUrlDef.swift in Sources */,
				4895F0E124F4B4E20019091E /* R.generated.swift in Sources */,
				485BA45E24F3B11700D3E61F /* Environment.swift in Sources */,
				485BA45424F3AFD800D3E61F /* Prefs.swift in Sources */,
				485BA42424F3AAC200D3E61F /* AppDelegate.swift in Sources */,
				4895F0F924F4C6680019091E /* TopHeadlineCell.swift in Sources */,
				48984AC524F60BD90073107E /* UIImageUtils.swift in Sources */,
				4895F0CC24F4B39F0019091E /* MenuViewController.swift in Sources */,
				485BA42624F3AAC200D3E61F /* SceneDelegate.swift in Sources */,
				485BA43F24F3ADE800D3E61F /* APIError.swift in Sources */,
				485BA44B24F3AF6900D3E61F /* ProviderAPIWithRefreshToken.swift in Sources */,
				485BA44924F3AF3600D3E61F /* Provider.swift in Sources */,
				48984AC324F5FB9C0073107E /* BasicViewModelImpl.swift in Sources */,
				485BA44524F3AE6E00D3E61F /* AsyncOperation.swift in Sources */,
				4895F10624F5125F0019091E /* UIColorUtils.swift in Sources */,
				48984ABF24F5FA4B0073107E /* BasicViewModel.swift in Sources */,
				4895F0E824F4BAE40019091E /* ArticleResponse.swift in Sources */,
				485BA44724F3AEC400D3E61F /* DefaultAlamofireManager.swift in Sources */,
				4895F10424F511990019091E /* NVActivityIndicatorViewable.swift in Sources */,
				485BA44124F3ADF900D3E61F /* APIDecoder.swift in Sources */,
				48984AD224F622550073107E /* WebViewController.swift in Sources */,
				485BA45124F3AF9D00D3E61F /* TokenRefresherImpl.swift in Sources */,
				4895F10324F511990019091E /* NVActivityIndicatorPresenter.swift in Sources */,
			);
			runOnlyForDeploymentPostprocessing = 0;
		};
/* End PBXSourcesBuildPhase section */

/* Begin PBXVariantGroup section */
		485BA42924F3AAC200D3E61F /* Main.storyboard */ = {
			isa = PBXVariantGroup;
			children = (
				485BA42A24F3AAC200D3E61F /* Base */,
			);
			name = Main.storyboard;
			sourceTree = "<group>";
		};
		485BA42E24F3AAC500D3E61F /* LaunchScreen.storyboard */ = {
			isa = PBXVariantGroup;
			children = (
				485BA42F24F3AAC500D3E61F /* Base */,
			);
			name = LaunchScreen.storyboard;
			sourceTree = "<group>";
		};
/* End PBXVariantGroup section */

/* Begin XCBuildConfiguration section */
		485BA43224F3AAC500D3E61F /* Debug */ = {
			isa = XCBuildConfiguration;
			baseConfigurationReference = 485BA46324F3B19000D3E61F /* Staging.xcconfig */;
			buildSettings = {
				ALWAYS_SEARCH_USER_PATHS = NO;
				CLANG_ANALYZER_NONNULL = YES;
				CLANG_ANALYZER_NUMBER_OBJECT_CONVERSION = YES_AGGRESSIVE;
				CLANG_CXX_LANGUAGE_STANDARD = "gnu++14";
				CLANG_CXX_LIBRARY = "libc++";
				CLANG_ENABLE_MODULES = YES;
				CLANG_ENABLE_OBJC_ARC = YES;
				CLANG_ENABLE_OBJC_WEAK = YES;
				CLANG_WARN_BLOCK_CAPTURE_AUTORELEASING = YES;
				CLANG_WARN_BOOL_CONVERSION = YES;
				CLANG_WARN_COMMA = YES;
				CLANG_WARN_CONSTANT_CONVERSION = YES;
				CLANG_WARN_DEPRECATED_OBJC_IMPLEMENTATIONS = YES;
				CLANG_WARN_DIRECT_OBJC_ISA_USAGE = YES_ERROR;
				CLANG_WARN_DOCUMENTATION_COMMENTS = YES;
				CLANG_WARN_EMPTY_BODY = YES;
				CLANG_WARN_ENUM_CONVERSION = YES;
				CLANG_WARN_INFINITE_RECURSION = YES;
				CLANG_WARN_INT_CONVERSION = YES;
				CLANG_WARN_NON_LITERAL_NULL_CONVERSION = YES;
				CLANG_WARN_OBJC_IMPLICIT_RETAIN_SELF = YES;
				CLANG_WARN_OBJC_LITERAL_CONVERSION = YES;
				CLANG_WARN_OBJC_ROOT_CLASS = YES_ERROR;
				CLANG_WARN_RANGE_LOOP_ANALYSIS = YES;
				CLANG_WARN_STRICT_PROTOTYPES = YES;
				CLANG_WARN_SUSPICIOUS_MOVE = YES;
				CLANG_WARN_UNGUARDED_AVAILABILITY = YES_AGGRESSIVE;
				CLANG_WARN_UNREACHABLE_CODE = YES;
				CLANG_WARN__DUPLICATE_METHOD_MATCH = YES;
				COPY_PHASE_STRIP = NO;
				DEBUG_INFORMATION_FORMAT = dwarf;
				ENABLE_STRICT_OBJC_MSGSEND = YES;
				ENABLE_TESTABILITY = YES;
				GCC_C_LANGUAGE_STANDARD = gnu11;
				GCC_DYNAMIC_NO_PIC = NO;
				GCC_NO_COMMON_BLOCKS = YES;
				GCC_OPTIMIZATION_LEVEL = 0;
				GCC_PREPROCESSOR_DEFINITIONS = (
					"DEBUG=1",
					"$(inherited)",
				);
				GCC_WARN_64_TO_32_BIT_CONVERSION = YES;
				GCC_WARN_ABOUT_RETURN_TYPE = YES_ERROR;
				GCC_WARN_UNDECLARED_SELECTOR = YES;
				GCC_WARN_UNINITIALIZED_AUTOS = YES_AGGRESSIVE;
				GCC_WARN_UNUSED_FUNCTION = YES;
				GCC_WARN_UNUSED_VARIABLE = YES;
				IPHONEOS_DEPLOYMENT_TARGET = 13.4;
				MTL_ENABLE_DEBUG_INFO = INCLUDE_SOURCE;
				MTL_FAST_MATH = YES;
				ONLY_ACTIVE_ARCH = YES;
				SDKROOT = iphoneos;
				SWIFT_ACTIVE_COMPILATION_CONDITIONS = DEBUG;
				SWIFT_OPTIMIZATION_LEVEL = "-Onone";
			};
			name = Debug;
		};
		485BA43324F3AAC500D3E61F /* Release */ = {
			isa = XCBuildConfiguration;
			baseConfigurationReference = 485BA46224F3B19000D3E61F /* Product.xcconfig */;
			buildSettings = {
				ALWAYS_SEARCH_USER_PATHS = NO;
				CLANG_ANALYZER_NONNULL = YES;
				CLANG_ANALYZER_NUMBER_OBJECT_CONVERSION = YES_AGGRESSIVE;
				CLANG_CXX_LANGUAGE_STANDARD = "gnu++14";
				CLANG_CXX_LIBRARY = "libc++";
				CLANG_ENABLE_MODULES = YES;
				CLANG_ENABLE_OBJC_ARC = YES;
				CLANG_ENABLE_OBJC_WEAK = YES;
				CLANG_WARN_BLOCK_CAPTURE_AUTORELEASING = YES;
				CLANG_WARN_BOOL_CONVERSION = YES;
				CLANG_WARN_COMMA = YES;
				CLANG_WARN_CONSTANT_CONVERSION = YES;
				CLANG_WARN_DEPRECATED_OBJC_IMPLEMENTATIONS = YES;
				CLANG_WARN_DIRECT_OBJC_ISA_USAGE = YES_ERROR;
				CLANG_WARN_DOCUMENTATION_COMMENTS = YES;
				CLANG_WARN_EMPTY_BODY = YES;
				CLANG_WARN_ENUM_CONVERSION = YES;
				CLANG_WARN_INFINITE_RECURSION = YES;
				CLANG_WARN_INT_CONVERSION = YES;
				CLANG_WARN_NON_LITERAL_NULL_CONVERSION = YES;
				CLANG_WARN_OBJC_IMPLICIT_RETAIN_SELF = YES;
				CLANG_WARN_OBJC_LITERAL_CONVERSION = YES;
				CLANG_WARN_OBJC_ROOT_CLASS = YES_ERROR;
				CLANG_WARN_RANGE_LOOP_ANALYSIS = YES;
				CLANG_WARN_STRICT_PROTOTYPES = YES;
				CLANG_WARN_SUSPICIOUS_MOVE = YES;
				CLANG_WARN_UNGUARDED_AVAILABILITY = YES_AGGRESSIVE;
				CLANG_WARN_UNREACHABLE_CODE = YES;
				CLANG_WARN__DUPLICATE_METHOD_MATCH = YES;
				COPY_PHASE_STRIP = NO;
				DEBUG_INFORMATION_FORMAT = "dwarf-with-dsym";
				ENABLE_NS_ASSERTIONS = NO;
				ENABLE_STRICT_OBJC_MSGSEND = YES;
				GCC_C_LANGUAGE_STANDARD = gnu11;
				GCC_NO_COMMON_BLOCKS = YES;
				GCC_WARN_64_TO_32_BIT_CONVERSION = YES;
				GCC_WARN_ABOUT_RETURN_TYPE = YES_ERROR;
				GCC_WARN_UNDECLARED_SELECTOR = YES;
				GCC_WARN_UNINITIALIZED_AUTOS = YES_AGGRESSIVE;
				GCC_WARN_UNUSED_FUNCTION = YES;
				GCC_WARN_UNUSED_VARIABLE = YES;
				IPHONEOS_DEPLOYMENT_TARGET = 13.4;
				MTL_ENABLE_DEBUG_INFO = NO;
				MTL_FAST_MATH = YES;
				SDKROOT = iphoneos;
				SWIFT_COMPILATION_MODE = wholemodule;
				SWIFT_OPTIMIZATION_LEVEL = "-O";
				VALIDATE_PRODUCT = YES;
			};
			name = Release;
		};
		485BA43524F3AAC500D3E61F /* Debug */ = {
			isa = XCBuildConfiguration;
			baseConfigurationReference = 4293AB20B4C596C2D8DD9A7F /* Pods-NewsApp.debug.xcconfig */;
			buildSettings = {
				ASSETCATALOG_COMPILER_APPICON_NAME = AppIcon;
				CODE_SIGN_IDENTITY = "iPhone Developer";
				CODE_SIGN_STYLE = Manual;
				DEVELOPMENT_TEAM = 9X2899GXE9;
				INFOPLIST_FILE = NewsApp/Info.plist;
				IPHONEOS_DEPLOYMENT_TARGET = 11.0;
				LD_RUNPATH_SEARCH_PATHS = (
					"$(inherited)",
					"@executable_path/Frameworks",
				);
				PRODUCT_BUNDLE_IDENTIFIER = com.bsv.testpush;
				PRODUCT_NAME = "$(TARGET_NAME)";
				PROVISIONING_PROFILE_SPECIFIER = TestPushDev;
				SWIFT_VERSION = 5.0;
				TARGETED_DEVICE_FAMILY = "1,2";
			};
			name = Debug;
		};
		485BA43624F3AAC500D3E61F /* Release */ = {
			isa = XCBuildConfiguration;
			baseConfigurationReference = A95F37C2938779B15D144706 /* Pods-NewsApp.release.xcconfig */;
			buildSettings = {
				ASSETCATALOG_COMPILER_APPICON_NAME = AppIcon;
				CODE_SIGN_IDENTITY = "iPhone Developer";
				CODE_SIGN_STYLE = Manual;
				DEVELOPMENT_TEAM = 9X2899GXE9;
				INFOPLIST_FILE = NewsApp/Info.plist;
				IPHONEOS_DEPLOYMENT_TARGET = 11.0;
				LD_RUNPATH_SEARCH_PATHS = (
					"$(inherited)",
					"@executable_path/Frameworks",
				);
				PRODUCT_BUNDLE_IDENTIFIER = com.bsv.testpush;
				PRODUCT_NAME = "$(TARGET_NAME)";
				PROVISIONING_PROFILE_SPECIFIER = TestPushDev;
				SWIFT_VERSION = 5.0;
				TARGETED_DEVICE_FAMILY = "1,2";
			};
			name = Release;
		};
/* End XCBuildConfiguration section */

/* Begin XCConfigurationList section */
		485BA41B24F3AAC200D3E61F /* Build configuration list for PBXProject "NewsApp" */ = {
			isa = XCConfigurationList;
			buildConfigurations = (
				485BA43224F3AAC500D3E61F /* Debug */,
				485BA43324F3AAC500D3E61F /* Release */,
			);
			defaultConfigurationIsVisible = 0;
			defaultConfigurationName = Release;
		};
		485BA43424F3AAC500D3E61F /* Build configuration list for PBXNativeTarget "NewsApp" */ = {
			isa = XCConfigurationList;
			buildConfigurations = (
				485BA43524F3AAC500D3E61F /* Debug */,
				485BA43624F3AAC500D3E61F /* Release */,
			);
			defaultConfigurationIsVisible = 0;
			defaultConfigurationName = Release;
		};
/* End XCConfigurationList section */
	};
	rootObject = 485BA41824F3AAC200D3E61F /* Project object */;
}
